
Microsoft Visual Studio Solution File, Format Version 12.00
# Visual Studio Version 17
VisualStudioVersion = 17.6.33723.286
MinimumVisualStudioVersion = 10.0.40219.1
Project("{FAE04EC0-301F-11D3-BF4B-00C04F79EFBC}") = "PowerDemo", "PowerDemo\PowerDemo.csproj", "{6420701A-85BF-4501-8B3A-EAFE86268BFD}"
EndProject
Project("{FAE04EC0-301F-11D3-BF4B-00C04F79EFBC}") = "PowerDemo.Lib", "PowerDemo.Lib\PowerDemo.Lib.csproj", "{C736E5E2-0E0C-4212-A882-4DAC9175721E}"
EndProject
Global
	GlobalSection(SolutionConfigurationPlatforms) = preSolution
		Debug|Any CPU = Debug|Any CPU
		Release|Any CPU = Release|Any CPU
	EndGlobalSection
	GlobalSection(ProjectConfigurationPlatforms) = postSolution
		{6420701A-85BF-4501-8B3A-EAFE86268BFD}.Debug|Any CPU.ActiveCfg = Debug|Any CPU
		{6420701A-85BF-4501-8B3A-EAFE86268BFD}.Debug|Any CPU.Build.0 = Debug|Any CPU
		{6420701A-85BF-4501-8B3A-EAFE86268BFD}.Release|Any CPU.ActiveCfg = Release|Any CPU
		{6420701A-85BF-4501-8B3A-EAFE86268BFD}.Release|Any CPU.Build.0 = Release|Any CPU
		{C736E5E2-0E0C-4212-A882-4DAC9175721E}.Debug|Any CPU.ActiveCfg = Debug|Any CPU
		{C736E5E2-0E0C-4212-A882-4DAC9175721E}.Debug|Any CPU.Build.0 = Debug|Any CPU
		{C736E5E2-0E0C-4212-A882-4DAC9175721E}.Release|Any CPU.ActiveCfg = Release|Any CPU
		{C736E5E2-0E0C-4212-A882-4DAC9175721E}.Release|Any CPU.Build.0 = Release|Any CPU
	EndGlobalSection
	GlobalSection(SolutionProperties) = preSolution
		HideSolutionNode = FALSE
	EndGlobalSection
	GlobalSection(ExtensibilityGlobals) = postSolution
		SolutionGuid = {44D69E4B-F3A3-491F-B5C5-0D59881FBCE9}
	EndGlobalSection
EndGlobal
